
Microsoft Visual Studio Solution File, Format Version 12.00
# Visual Studio Version 17
VisualStudioVersion = 17.6.33829.357
MinimumVisualStudioVersion = 10.0.40219.1
Project("{FAE04EC0-301F-11D3-BF4B-00C04F79EFBC}") = "WibEncoder", "WibEncoder\WibEncoder.csproj", "{AF53598F-7082-4A2C-A624-44F3338F4FA2}"
EndProject
Global
	GlobalSection(SolutionConfigurationPlatforms) = preSolution
		Debug|Any CPU = Debug|Any CPU
		Release|Any CPU = Release|Any CPU
	EndGlobalSection
	GlobalSection(ProjectConfigurationPlatforms) = postSolution
		{AF53598F-7082-4A2C-A624-44F3338F4FA2}.Debug|Any CPU.ActiveCfg = Debug|Any CPU
		{AF53598F-7082-4A2C-A624-44F3338F4FA2}.Debug|Any CPU.Build.0 = Debug|Any CPU
		{AF53598F-7082-4A2C-A624-44F3338F4FA2}.Release|Any CPU.ActiveCfg = Release|Any CPU
		{AF53598F-7082-4A2C-A624-44F3338F4FA2}.Release|Any CPU.Build.0 = Release|Any CPU
	EndGlobalSection
	GlobalSection(SolutionProperties) = preSolution
		HideSolutionNode = FALSE
	EndGlobalSection
	GlobalSection(ExtensibilityGlobals) = postSolution
		SolutionGuid = {05BD35FD-E454-445B-B073-91057C893C38}
	EndGlobalSection
EndGlobal
